// !$*UTF8*$!
{
	archiveVersion = 1;
	classes = {
	};
	objectVersion = 56;
	objects = {

/* Begin PBXBuildFile section */
		0160A6C129C840060059CD32 /* Ikhsan_WeatherApp.swift in Sources */ = {isa = PBXBuildFile; fileRef = 0160A6C029C840060059CD32 /* Ikhsan_WeatherApp.swift */; };
		0160A6C329C840060059CD32 /* ContentView.swift in Sources */ = {isa = PBXBuildFile; fileRef = 0160A6C229C840060059CD32 /* ContentView.swift */; };
		0160A6C529C840070059CD32 /* Assets.xcassets in Resources */ = {isa = PBXBuildFile; fileRef = 0160A6C429C840070059CD32 /* Assets.xcassets */; };
		0160A6C829C840070059CD32 /* Preview Assets.xcassets in Resources */ = {isa = PBXBuildFile; fileRef = 0160A6C729C840070059CD32 /* Preview Assets.xcassets */; };
		0160A6D229C840070059CD32 /* Ikhsan_WeatherTests.swift in Sources */ = {isa = PBXBuildFile; fileRef = 0160A6D129C840070059CD32 /* Ikhsan_WeatherTests.swift */; };
		0160A6DC29C840070059CD32 /* Ikhsan_WeatherUITests.swift in Sources */ = {isa = PBXBuildFile; fileRef = 0160A6DB29C840070059CD32 /* Ikhsan_WeatherUITests.swift */; };
		0160A6DE29C840070059CD32 /* Ikhsan_WeatherUITestsLaunchTests.swift in Sources */ = {isa = PBXBuildFile; fileRef = 0160A6DD29C840070059CD32 /* Ikhsan_WeatherUITestsLaunchTests.swift */; };
		01D76AD429C867E800401F81 /* WeatherButton.swift in Sources */ = {isa = PBXBuildFile; fileRef = 01D76AD329C867E800401F81 /* WeatherButton.swift */; };
/* End PBXBuildFile section */

/* Begin PBXContainerItemProxy section */
		0160A6CE29C840070059CD32 /* PBXContainerItemProxy */ = {
			isa = PBXContainerItemProxy;
			containerPortal = 0160A6B529C840060059CD32 /* Project object */;
			proxyType = 1;
			remoteGlobalIDString = 0160A6BC29C840060059CD32;
			remoteInfo = "Ikhsan-Weather";
		};
		0160A6D829C840070059CD32 /* PBXContainerItemProxy */ = {
			isa = PBXContainerItemProxy;
			containerPortal = 0160A6B529C840060059CD32 /* Project object */;
			proxyType = 1;
			remoteGlobalIDString = 0160A6BC29C840060059CD32;
			remoteInfo = "Ikhsan-Weather";
		};
/* End PBXContainerItemProxy section */

/* Begin PBXFileReference section */
		0160A6BD29C840060059CD32 /* Ikhsan-Weather.app */ = {isa = PBXFileReference; explicitFileType = wrapper.application; includeInIndex = 0; path = "Ikhsan-Weather.app"; sourceTree = BUILT_PRODUCTS_DIR; };
		0160A6C029C840060059CD32 /* Ikhsan_WeatherApp.swift */ = {isa = PBXFileReference; lastKnownFileType = sourcecode.swift; path = Ikhsan_WeatherApp.swift; sourceTree = "<group>"; };
		0160A6C229C840060059CD32 /* ContentView.swift */ = {isa = PBXFileReference; lastKnownFileType = sourcecode.swift; path = ContentView.swift; sourceTree = "<group>"; };
		0160A6C429C840070059CD32 /* Assets.xcassets */ = {isa = PBXFileReference; lastKnownFileType = folder.assetcatalog; path = Assets.xcassets; sourceTree = "<group>"; };
		0160A6C729C840070059CD32 /* Preview Assets.xcassets */ = {isa = PBXFileReference; lastKnownFileType = folder.assetcatalog; path = "Preview Assets.xcassets"; sourceTree = "<group>"; };
		0160A6CD29C840070059CD32 /* Ikhsan-WeatherTests.xctest */ = {isa = PBXFileReference; explicitFileType = wrapper.cfbundle; includeInIndex = 0; path = "Ikhsan-WeatherTests.xctest"; sourceTree = BUILT_PRODUCTS_DIR; };
		0160A6D129C840070059CD32 /* Ikhsan_WeatherTests.swift */ = {isa = PBXFileReference; lastKnownFileType = sourcecode.swift; path = Ikhsan_WeatherTests.swift; sourceTree = "<group>"; };
		0160A6D729C840070059CD32 /* Ikhsan-WeatherUITests.xctest */ = {isa = PBXFileReference; explicitFileType = wrapper.cfbundle; includeInIndex = 0; path = "Ikhsan-WeatherUITests.xctest"; sourceTree = BUILT_PRODUCTS_DIR; };
		0160A6DB29C840070059CD32 /* Ikhsan_WeatherUITests.swift */ = {isa = PBXFileReference; lastKnownFileType = sourcecode.swift; path = Ikhsan_WeatherUITests.swift; sourceTree = "<group>"; };
		0160A6DD29C840070059CD32 /* Ikhsan_WeatherUITestsLaunchTests.swift */ = {isa = PBXFileReference; lastKnownFileType = sourcecode.swift; path = Ikhsan_WeatherUITestsLaunchTests.swift; sourceTree = "<group>"; };
		01D76AD329C867E800401F81 /* WeatherButton.swift */ = {isa = PBXFileReference; lastKnownFileType = sourcecode.swift; path = WeatherButton.swift; sourceTree = "<group>"; };
/* End PBXFileReference section */

/* Begin PBXFrameworksBuildPhase section */
		0160A6BA29C840060059CD32 /* Frameworks */ = {
			isa = PBXFrameworksBuildPhase;
			buildActionMask = 2147483647;
			files = (
			);
			runOnlyForDeploymentPostprocessing = 0;
		};
		0160A6CA29C840070059CD32 /* Frameworks */ = {
			isa = PBXFrameworksBuildPhase;
			buildActionMask = 2147483647;
			files = (
			);
			runOnlyForDeploymentPostprocessing = 0;
		};
		0160A6D429C840070059CD32 /* Frameworks */ = {
			isa = PBXFrameworksBuildPhase;
			buildActionMask = 2147483647;
			files = (
			);
			runOnlyForDeploymentPostprocessing = 0;
		};
/* End PBXFrameworksBuildPhase section */

/* Begin PBXGroup section */
		0160A6B429C840060059CD32 = {
			isa = PBXGroup;
			children = (
				0160A6BF29C840060059CD32 /* Ikhsan-Weather */,
				0160A6D029C840070059CD32 /* Ikhsan-WeatherTests */,
				0160A6DA29C840070059CD32 /* Ikhsan-WeatherUITests */,
				0160A6BE29C840060059CD32 /* Products */,
			);
			sourceTree = "<group>";
		};
		0160A6BE29C840060059CD32 /* Products */ = {
			isa = PBXGroup;
			children = (
				0160A6BD29C840060059CD32 /* Ikhsan-Weather.app */,
				0160A6CD29C840070059CD32 /* Ikhsan-WeatherTests.xctest */,
				0160A6D729C840070059CD32 /* Ikhsan-WeatherUITests.xctest */,
			);
			name = Products;
			sourceTree = "<group>";
		};
		0160A6BF29C840060059CD32 /* Ikhsan-Weather */ = {
			isa = PBXGroup;
			children = (
				0160A6C029C840060059CD32 /* Ikhsan_WeatherApp.swift */,
				0160A6C229C840060059CD32 /* ContentView.swift */,
				0160A6C429C840070059CD32 /* Assets.xcassets */,
				0160A6C629C840070059CD32 /* Preview Content */,
				01D76AD329C867E800401F81 /* WeatherButton.swift */,
			);
			path = "Ikhsan-Weather";
			sourceTree = "<group>";
		};
		0160A6C629C840070059CD32 /* Preview Content */ = {
			isa = PBXGroup;
			children = (
				0160A6C729C840070059CD32 /* Preview Assets.xcassets */,
			);
			path = "Preview Content";
			sourceTree = "<group>";
		};
		0160A6D029C840070059CD32 /* Ikhsan-WeatherTests */ = {
			isa = PBXGroup;
			children = (
				0160A6D129C840070059CD32 /* Ikhsan_WeatherTests.swift */,
			);
			path = "Ikhsan-WeatherTests";
			sourceTree = "<group>";
		};
		0160A6DA29C840070059CD32 /* Ikhsan-WeatherUITests */ = {
			isa = PBXGroup;
			children = (
				0160A6DB29C840070059CD32 /* Ikhsan_WeatherUITests.swift */,
				0160A6DD29C840070059CD32 /* Ikhsan_WeatherUITestsLaunchTests.swift */,
			);
			path = "Ikhsan-WeatherUITests";
			sourceTree = "<group>";
		};
/* End PBXGroup section */

/* Begin PBXNativeTarget section */
		0160A6BC29C840060059CD32 /* Ikhsan-Weather */ = {
			isa = PBXNativeTarget;
			buildConfigurationList = 0160A6E129C840070059CD32 /* Build configuration list for PBXNativeTarget "Ikhsan-Weather" */;
			buildPhases = (
				0160A6B929C840060059CD32 /* Sources */,
				0160A6BA29C840060059CD32 /* Frameworks */,
				0160A6BB29C840060059CD32 /* Resources */,
			);
			buildRules = (
			);
			dependencies = (
			);
			name = "Ikhsan-Weather";
			productName = "Ikhsan-Weather";
			productReference = 0160A6BD29C840060059CD32 /* Ikhsan-Weather.app */;
			productType = "com.apple.product-type.application";
		};
		0160A6CC29C840070059CD32 /* Ikhsan-WeatherTests */ = {
			isa = PBXNativeTarget;
			buildConfigurationList = 0160A6E429C840070059CD32 /* Build configuration list for PBXNativeTarget "Ikhsan-WeatherTests" */;
			buildPhases = (
				0160A6C929C840070059CD32 /* Sources */,
				0160A6CA29C840070059CD32 /* Frameworks */,
				0160A6CB29C840070059CD32 /* Resources */,
			);
			buildRules = (
			);
			dependencies = (
				0160A6CF29C840070059CD32 /* PBXTargetDependency */,
			);
			name = "Ikhsan-WeatherTests";
			productName = "Ikhsan-WeatherTests";
			productReference = 0160A6CD29C840070059CD32 /* Ikhsan-WeatherTests.xctest */;
			productType = "com.apple.product-type.bundle.unit-test";
		};
		0160A6D629C840070059CD32 /* Ikhsan-WeatherUITests */ = {
			isa = PBXNativeTarget;
			buildConfigurationList = 0160A6E729C840070059CD32 /* Build configuration list for PBXNativeTarget "Ikhsan-WeatherUITests" */;
			buildPhases = (
				0160A6D329C840070059CD32 /* Sources */,
				0160A6D429C840070059CD32 /* Frameworks */,
				0160A6D529C840070059CD32 /* Resources */,
			);
			buildRules = (
			);
			dependencies = (
				0160A6D929C840070059CD32 /* PBXTargetDependency */,
			);
			name = "Ikhsan-WeatherUITests";
			productName = "Ikhsan-WeatherUITests";
			productReference = 0160A6D729C840070059CD32 /* Ikhsan-WeatherUITests.xctest */;
			productType = "com.apple.product-type.bundle.ui-testing";
		};
/* End PBXNativeTarget section */

/* Begin PBXProject section */
		0160A6B529C840060059CD32 /* Project object */ = {
			isa = PBXProject;
			attributes = {
				BuildIndependentTargetsInParallel = 1;
				LastSwiftUpdateCheck = 1420;
				LastUpgradeCheck = 1420;
				TargetAttributes = {
					0160A6BC29C840060059CD32 = {
						CreatedOnToolsVersion = 14.2;
					};
					0160A6CC29C840070059CD32 = {
						CreatedOnToolsVersion = 14.2;
						TestTargetID = 0160A6BC29C840060059CD32;
					};
					0160A6D629C840070059CD32 = {
						CreatedOnToolsVersion = 14.2;
						TestTargetID = 0160A6BC29C840060059CD32;
					};
				};
			};
			buildConfigurationList = 0160A6B829C840060059CD32 /* Build configuration list for PBXProject "Ikhsan-Weather" */;
			compatibilityVersion = "Xcode 14.0";
			developmentRegion = en;
			hasScannedForEncodings = 0;
			knownRegions = (
				en,
				Base,
			);
			mainGroup = 0160A6B429C840060059CD32;
			productRefGroup = 0160A6BE29C840060059CD32 /* Products */;
			projectDirPath = "";
			projectRoot = "";
			targets = (
				0160A6BC29C840060059CD32 /* Ikhsan-Weather */,
				0160A6CC29C840070059CD32 /* Ikhsan-WeatherTests */,
				0160A6D629C840070059CD32 /* Ikhsan-WeatherUITests */,
			);
		};
/* End PBXProject section */

/* Begin PBXResourcesBuildPhase section */
		0160A6BB29C840060059CD32 /* Resources */ = {
			isa = PBXResourcesBuildPhase;
			buildActionMask = 2147483647;
			files = (
				0160A6C829C840070059CD32 /* Preview Assets.xcassets in Resources */,
				0160A6C529C840070059CD32 /* Assets.xcassets in Resources */,
			);
			runOnlyForDeploymentPostprocessing = 0;
		};
		0160A6CB29C840070059CD32 /* Resources */ = {
			isa = PBXResourcesBuildPhase;
			buildActionMask = 2147483647;
			files = (
			);
			runOnlyForDeploymentPostprocessing = 0;
		};
		0160A6D529C840070059CD32 /* Resources */ = {
			isa = PBXResourcesBuildPhase;
			buildActionMask = 2147483647;
			files = (
			);
			runOnlyForDeploymentPostprocessing = 0;
		};
/* End PBXResourcesBuildPhase section */

/* Begin PBXSourcesBuildPhase section */
		0160A6B929C840060059CD32 /* Sources */ = {
			isa = PBXSourcesBuildPhase;
			buildActionMask = 2147483647;
			files = (
				0160A6C329C840060059CD32 /* ContentView.swift in Sources */,
				0160A6C129C840060059CD32 /* Ikhsan_WeatherApp.swift in Sources */,
				01D76AD429C867E800401F81 /* WeatherButton.swift in Sources */,
			);
			runOnlyForDeploymentPostprocessing = 0;
		};
		0160A6C929C840070059CD32 /* Sources */ = {
			isa = PBXSourcesBuildPhase;
			buildActionMask = 2147483647;
			files = (
				0160A6D229C840070059CD32 /* Ikhsan_WeatherTests.swift in Sources */,
			);
			runOnlyForDeploymentPostprocessing = 0;
		};
		0160A6D329C840070059CD32 /* Sources */ = {
			isa = PBXSourcesBuildPhase;
			buildActionMask = 2147483647;
			files = (
				0160A6DC29C840070059CD32 /* Ikhsan_WeatherUITests.swift in Sources */,
				0160A6DE29C840070059CD32 /* Ikhsan_WeatherUITestsLaunchTests.swift in Sources */,
			);
			runOnlyForDeploymentPostprocessing = 0;
		};
/* End PBXSourcesBuildPhase section */

/* Begin PBXTargetDependency section */
		0160A6CF29C840070059CD32 /* PBXTargetDependency */ = {
			isa = PBXTargetDependency;
			target = 0160A6BC29C840060059CD32 /* Ikhsan-Weather */;
			targetProxy = 0160A6CE29C840070059CD32 /* PBXContainerItemProxy */;
		};
		0160A6D929C840070059CD32 /* PBXTargetDependency */ = {
			isa = PBXTargetDependency;
			target = 0160A6BC29C840060059CD32 /* Ikhsan-Weather */;
			targetProxy = 0160A6D829C840070059CD32 /* PBXContainerItemProxy */;
		};
/* End PBXTargetDependency section */

/* Begin XCBuildConfiguration section */
		0160A6DF29C840070059CD32 /* Debug */ = {
			isa = XCBuildConfiguration;
			buildSettings = {
				ALWAYS_SEARCH_USER_PATHS = NO;
				CLANG_ANALYZER_NONNULL = YES;
				CLANG_ANALYZER_NUMBER_OBJECT_CONVERSION = YES_AGGRESSIVE;
				CLANG_CXX_LANGUAGE_STANDARD = "gnu++20";
				CLANG_ENABLE_MODULES = YES;
				CLANG_ENABLE_OBJC_ARC = YES;
				CLANG_ENABLE_OBJC_WEAK = YES;
				CLANG_WARN_BLOCK_CAPTURE_AUTORELEASING = YES;
				CLANG_WARN_BOOL_CONVERSION = YES;
				CLANG_WARN_COMMA = YES;
				CLANG_WARN_CONSTANT_CONVERSION = YES;
				CLANG_WARN_DEPRECATED_OBJC_IMPLEMENTATIONS = YES;
				CLANG_WARN_DIRECT_OBJC_ISA_USAGE = YES_ERROR;
				CLANG_WARN_DOCUMENTATION_COMMENTS = YES;
				CLANG_WARN_EMPTY_BODY = YES;
				CLANG_WARN_ENUM_CONVERSION = YES;
				CLANG_WARN_INFINITE_RECURSION = YES;
				CLANG_WARN_INT_CONVERSION = YES;
				CLANG_WARN_NON_LITERAL_NULL_CONVERSION = YES;
				CLANG_WARN_OBJC_IMPLICIT_RETAIN_SELF = YES;
				CLANG_WARN_OBJC_LITERAL_CONVERSION = YES;
				CLANG_WARN_OBJC_ROOT_CLASS = YES_ERROR;
				CLANG_WARN_QUOTED_INCLUDE_IN_FRAMEWORK_HEADER = YES;
				CLANG_WARN_RANGE_LOOP_ANALYSIS = YES;
				CLANG_WARN_STRICT_PROTOTYPES = YES;
				CLANG_WARN_SUSPICIOUS_MOVE = YES;
				CLANG_WARN_UNGUARDED_AVAILABILITY = YES_AGGRESSIVE;
				CLANG_WARN_UNREACHABLE_CODE = YES;
				CLANG_WARN__DUPLICATE_METHOD_MATCH = YES;
				COPY_PHASE_STRIP = NO;
				DEBUG_INFORMATION_FORMAT = dwarf;
				ENABLE_STRICT_OBJC_MSGSEND = YES;
				ENABLE_TESTABILITY = YES;
				GCC_C_LANGUAGE_STANDARD = gnu11;
				GCC_DYNAMIC_NO_PIC = NO;
				GCC_NO_COMMON_BLOCKS = YES;
				GCC_OPTIMIZATION_LEVEL = 0;
				GCC_PREPROCESSOR_DEFINITIONS = (
					"DEBUG=1",
					"$(inherited)",
				);
				GCC_WARN_64_TO_32_BIT_CONVERSION = YES;
				GCC_WARN_ABOUT_RETURN_TYPE = YES_ERROR;
				GCC_WARN_UNDECLARED_SELECTOR = YES;
				GCC_WARN_UNINITIALIZED_AUTOS = YES_AGGRESSIVE;
				GCC_WARN_UNUSED_FUNCTION = YES;
				GCC_WARN_UNUSED_VARIABLE = YES;
				IPHONEOS_DEPLOYMENT_TARGET = 16.2;
				MTL_ENABLE_DEBUG_INFO = INCLUDE_SOURCE;
				MTL_FAST_MATH = YES;
				ONLY_ACTIVE_ARCH = YES;
				SDKROOT = iphoneos;
				SWIFT_ACTIVE_COMPILATION_CONDITIONS = DEBUG;
				SWIFT_OPTIMIZATION_LEVEL = "-Onone";
			};
			name = Debug;
		};
		0160A6E029C840070059CD32 /* Release */ = {
			isa = XCBuildConfiguration;
			buildSettings = {
				ALWAYS_SEARCH_USER_PATHS = NO;
				CLANG_ANALYZER_NONNULL = YES;
				CLANG_ANALYZER_NUMBER_OBJECT_CONVERSION = YES_AGGRESSIVE;
				CLANG_CXX_LANGUAGE_STANDARD = "gnu++20";
				CLANG_ENABLE_MODULES = YES;
				CLANG_ENABLE_OBJC_ARC = YES;
				CLANG_ENABLE_OBJC_WEAK = YES;
				CLANG_WARN_BLOCK_CAPTURE_AUTORELEASING = YES;
				CLANG_WARN_BOOL_CONVERSION = YES;
				CLANG_WARN_COMMA = YES;
				CLANG_WARN_CONSTANT_CONVERSION = YES;
				CLANG_WARN_DEPRECATED_OBJC_IMPLEMENTATIONS = YES;
				CLANG_WARN_DIRECT_OBJC_ISA_USAGE = YES_ERROR;
				CLANG_WARN_DOCUMENTATION_COMMENTS = YES;
				CLANG_WARN_EMPTY_BODY = YES;
				CLANG_WARN_ENUM_CONVERSION = YES;
				CLANG_WARN_INFINITE_RECURSION = YES;
				CLANG_WARN_INT_CONVERSION = YES;
				CLANG_WARN_NON_LITERAL_NULL_CONVERSION = YES;
				CLANG_WARN_OBJC_IMPLICIT_RETAIN_SELF = YES;
				CLANG_WARN_OBJC_LITERAL_CONVERSION = YES;
				CLANG_WARN_OBJC_ROOT_CLASS = YES_ERROR;
				CLANG_WARN_QUOTED_INCLUDE_IN_FRAMEWORK_HEADER = YES;
				CLANG_WARN_RANGE_LOOP_ANALYSIS = YES;
				CLANG_WARN_STRICT_PROTOTYPES = YES;
				CLANG_WARN_SUSPICIOUS_MOVE = YES;
				CLANG_WARN_UNGUARDED_AVAILABILITY = YES_AGGRESSIVE;
				CLANG_WARN_UNREACHABLE_CODE = YES;
				CLANG_WARN__DUPLICATE_METHOD_MATCH = YES;
				COPY_PHASE_STRIP = NO;
				DEBUG_INFORMATION_FORMAT = "dwarf-with-dsym";
				ENABLE_NS_ASSERTIONS = NO;
				ENABLE_STRICT_OBJC_MSGSEND = YES;
				GCC_C_LANGUAGE_STANDARD = gnu11;
				GCC_NO_COMMON_BLOCKS = YES;
				GCC_WARN_64_TO_32_BIT_CONVERSION = YES;
				GCC_WARN_ABOUT_RETURN_TYPE = YES_ERROR;
				GCC_WARN_UNDECLARED_SELECTOR = YES;
				GCC_WARN_UNINITIALIZED_AUTOS = YES_AGGRESSIVE;
				GCC_WARN_UNUSED_FUNCTION = YES;
				GCC_WARN_UNUSED_VARIABLE = YES;
				IPHONEOS_DEPLOYMENT_TARGET = 16.2;
				MTL_ENABLE_DEBUG_INFO = NO;
				MTL_FAST_MATH = YES;
				SDKROOT = iphoneos;
				SWIFT_COMPILATION_MODE = wholemodule;
				SWIFT_OPTIMIZATION_LEVEL = "-O";
				VALIDATE_PRODUCT = YES;
			};
			name = Release;
		};
		0160A6E229C840070059CD32 /* Debug */ = {
			isa = XCBuildConfiguration;
			buildSettings = {
				ASSETCATALOG_COMPILER_APPICON_NAME = AppIcon;
				ASSETCATALOG_COMPILER_GLOBAL_ACCENT_COLOR_NAME = AccentColor;
				CODE_SIGN_STYLE = Automatic;
				CURRENT_PROJECT_VERSION = 1;
				DEVELOPMENT_ASSET_PATHS = "\"Ikhsan-Weather/Preview Content\"";
				ENABLE_PREVIEWS = YES;
				GENERATE_INFOPLIST_FILE = YES;
				INFOPLIST_KEY_UIApplicationSceneManifest_Generation = YES;
				INFOPLIST_KEY_UIApplicationSupportsIndirectInputEvents = YES;
				INFOPLIST_KEY_UILaunchScreen_Generation = YES;
				INFOPLIST_KEY_UISupportedInterfaceOrientations_iPad = "UIInterfaceOrientationPortrait UIInterfaceOrientationPortraitUpsideDown UIInterfaceOrientationLandscapeLeft UIInterfaceOrientationLandscapeRight";
				INFOPLIST_KEY_UISupportedInterfaceOrientations_iPhone = "UIInterfaceOrientationPortrait UIInterfaceOrientationLandscapeLeft UIInterfaceOrientationLandscapeRight";
				LD_RUNPATH_SEARCH_PATHS = (
					"$(inherited)",
					"@executable_path/Frameworks",
				);
				MARKETING_VERSION = 1.0;
				PRODUCT_BUNDLE_IDENTIFIER = "com.first.Ikhsan-Weather";
				PRODUCT_NAME = "$(TARGET_NAME)";
				SWIFT_EMIT_LOC_STRINGS = YES;
				SWIFT_VERSION = 5.0;
				TARGETED_DEVICE_FAMILY = "1,2";
			};
			name = Debug;
		};
		0160A6E329C840070059CD32 /* Release */ = {
			isa = XCBuildConfiguration;
			buildSettings = {
				ASSETCATALOG_COMPILER_APPICON_NAME = AppIcon;
				ASSETCATALOG_COMPILER_GLOBAL_ACCENT_COLOR_NAME = AccentColor;
				CODE_SIGN_STYLE = Automatic;
				CURRENT_PROJECT_VERSION = 1;
				DEVELOPMENT_ASSET_PATHS = "\"Ikhsan-Weather/Preview Content\"";
				ENABLE_PREVIEWS = YES;
				GENERATE_INFOPLIST_FILE = YES;
				INFOPLIST_KEY_UIApplicationSceneManifest_Generation = YES;
				INFOPLIST_KEY_UIApplicationSupportsIndirectInputEvents = YES;
				INFOPLIST_KEY_UILaunchScreen_Generation = YES;
				INFOPLIST_KEY_UISupportedInterfaceOrientations_iPad = "UIInterfaceOrientationPortrait UIInterfaceOrientationPortraitUpsideDown UIInterfaceOrientationLandscapeLeft UIInterfaceOrientationLandscapeRight";
				INFOPLIST_KEY_UISupportedInterfaceOrientations_iPhone = "UIInterfaceOrientationPortrait UIInterfaceOrientationLandscapeLeft UIInterfaceOrientationLandscapeRight";
				LD_RUNPATH_SEARCH_PATHS = (
					"$(inherited)",
					"@executable_path/Frameworks",
				);
				MARKETING_VERSION = 1.0;
				PRODUCT_BUNDLE_IDENTIFIER = "com.first.Ikhsan-Weather";
				PRODUCT_NAME = "$(TARGET_NAME)";
				SWIFT_EMIT_LOC_STRINGS = YES;
				SWIFT_VERSION = 5.0;
				TARGETED_DEVICE_FAMILY = "1,2";
			};
			name = Release;
		};
		0160A6E529C840070059CD32 /* Debug */ = {
			isa = XCBuildConfiguration;
			buildSettings = {
				ALWAYS_EMBED_SWIFT_STANDARD_LIBRARIES = YES;
				BUNDLE_LOADER = "$(TEST_HOST)";
				CODE_SIGN_STYLE = Automatic;
				CURRENT_PROJECT_VERSION = 1;
				GENERATE_INFOPLIST_FILE = YES;
				IPHONEOS_DEPLOYMENT_TARGET = 16.2;
				MARKETING_VERSION = 1.0;
				PRODUCT_BUNDLE_IDENTIFIER = "com.first.Ikhsan-WeatherTests";
				PRODUCT_NAME = "$(TARGET_NAME)";
				SWIFT_EMIT_LOC_STRINGS = NO;
				SWIFT_VERSION = 5.0;
				TARGETED_DEVICE_FAMILY = "1,2";
				TEST_HOST = "$(BUILT_PRODUCTS_DIR)/Ikhsan-Weather.app/$(BUNDLE_EXECUTABLE_FOLDER_PATH)/Ikhsan-Weather";
			};
			name = Debug;
		};
		0160A6E629C840070059CD32 /* Release */ = {
			isa = XCBuildConfiguration;
			buildSettings = {
				ALWAYS_EMBED_SWIFT_STANDARD_LIBRARIES = YES;
				BUNDLE_LOADER = "$(TEST_HOST)";
				CODE_SIGN_STYLE = Automatic;
				CURRENT_PROJECT_VERSION = 1;
				GENERATE_INFOPLIST_FILE = YES;
				IPHONEOS_DEPLOYMENT_TARGET = 16.2;
				MARKETING_VERSION = 1.0;
				PRODUCT_BUNDLE_IDENTIFIER = "com.first.Ikhsan-WeatherTests";
				PRODUCT_NAME = "$(TARGET_NAME)";
				SWIFT_EMIT_LOC_STRINGS = NO;
				SWIFT_VERSION = 5.0;
				TARGETED_DEVICE_FAMILY = "1,2";
				TEST_HOST = "$(BUILT_PRODUCTS_DIR)/Ikhsan-Weather.app/$(BUNDLE_EXECUTABLE_FOLDER_PATH)/Ikhsan-Weather";
			};
			name = Release;
		};
		0160A6E829C840070059CD32 /* Debug */ = {
			isa = XCBuildConfiguration;
			buildSettings = {
				ALWAYS_EMBED_SWIFT_STANDARD_LIBRARIES = YES;
				CODE_SIGN_STYLE = Automatic;
				CURRENT_PROJECT_VERSION = 1;
				GENERATE_INFOPLIST_FILE = YES;
				MARKETING_VERSION = 1.0;
				PRODUCT_BUNDLE_IDENTIFIER = "com.first.Ikhsan-WeatherUITests";
				PRODUCT_NAME = "$(TARGET_NAME)";
				SWIFT_EMIT_LOC_STRINGS = NO;
				SWIFT_VERSION = 5.0;
				TARGETED_DEVICE_FAMILY = "1,2";
				TEST_TARGET_NAME = "Ikhsan-Weather";
			};
			name = Debug;
		};
		0160A6E929C840070059CD32 /* Release */ = {
			isa = XCBuildConfiguration;
			buildSettings = {
				ALWAYS_EMBED_SWIFT_STANDARD_LIBRARIES = YES;
				CODE_SIGN_STYLE = Automatic;
				CURRENT_PROJECT_VERSION = 1;
				GENERATE_INFOPLIST_FILE = YES;
				MARKETING_VERSION = 1.0;
				PRODUCT_BUNDLE_IDENTIFIER = "com.first.Ikhsan-WeatherUITests";
				PRODUCT_NAME = "$(TARGET_NAME)";
				SWIFT_EMIT_LOC_STRINGS = NO;
				SWIFT_VERSION = 5.0;
				TARGETED_DEVICE_FAMILY = "1,2";
				TEST_TARGET_NAME = "Ikhsan-Weather";
			};
			name = Release;
		};
/* End XCBuildConfiguration section */

/* Begin XCConfigurationList section */
		0160A6B829C840060059CD32 /* Build configuration list for PBXProject "Ikhsan-Weather" */ = {
			isa = XCConfigurationList;
			buildConfigurations = (
				0160A6DF29C840070059CD32 /* Debug */,
				0160A6E029C840070059CD32 /* Release */,
			);
			defaultConfigurationIsVisible = 0;
			defaultConfigurationName = Release;
		};
		0160A6E129C840070059CD32 /* Build configuration list for PBXNativeTarget "Ikhsan-Weather" */ = {
			isa = XCConfigurationList;
			buildConfigurations = (
				0160A6E229C840070059CD32 /* Debug */,
				0160A6E329C840070059CD32 /* Release */,
			);
			defaultConfigurationIsVisible = 0;
			defaultConfigurationName = Release;
		};
		0160A6E429C840070059CD32 /* Build configuration list for PBXNativeTarget "Ikhsan-WeatherTests" */ = {
			isa = XCConfigurationList;
			buildConfigurations = (
				0160A6E529C840070059CD32 /* Debug */,
				0160A6E629C840070059CD32 /* Release */,
			);
			defaultConfigurationIsVisible = 0;
			defaultConfigurationName = Release;
		};
		0160A6E729C840070059CD32 /* Build configuration list for PBXNativeTarget "Ikhsan-WeatherUITests" */ = {
			isa = XCConfigurationList;
			buildConfigurations = (
				0160A6E829C840070059CD32 /* Debug */,
				0160A6E929C840070059CD32 /* Release */,
			);
			defaultConfigurationIsVisible = 0;
			defaultConfigurationName = Release;
		};
/* End XCConfigurationList section */
	};
	rootObject = 0160A6B529C840060059CD32 /* Project object */;
}
